
Microsoft Visual Studio Solution File, Format Version 12.00
# Visual Studio Version 17
VisualStudioVersion = 17.4.33205.214
MinimumVisualStudioVersion = 10.0.40219.1
Project("{FAE04EC0-301F-11D3-BF4B-00C04F79EFBC}") = "Client", "Client\Client.csproj", "{F867CCFF-7735-4BED-B1ED-9455CC4F4CCB}"
EndProject
Project("{FAE04EC0-301F-11D3-BF4B-00C04F79EFBC}") = "Server", "Server\Server.csproj", "{0731D122-F756-4C05-A0D0-ADB07F270A74}"
EndProject
Project("{FAE04EC0-301F-11D3-BF4B-00C04F79EFBC}") = "Core", "Domain\Core.csproj", "{CF4DB3B7-5B72-48BD-91C1-92A91A5F3E80}"
EndProject
Global
	GlobalSection(SolutionConfigurationPlatforms) = preSolution
		Debug|Any CPU = Debug|Any CPU
		Release|Any CPU = Release|Any CPU
	EndGlobalSection
	GlobalSection(ProjectConfigurationPlatforms) = postSolution
		{F867CCFF-7735-4BED-B1ED-9455CC4F4CCB}.Debug|Any CPU.ActiveCfg = Debug|Any CPU
		{F867CCFF-7735-4BED-B1ED-9455CC4F4CCB}.Debug|Any CPU.Build.0 = Debug|Any CPU
		{F867CCFF-7735-4BED-B1ED-9455CC4F4CCB}.Release|Any CPU.ActiveCfg = Release|Any CPU
		{F867CCFF-7735-4BED-B1ED-9455CC4F4CCB}.Release|Any CPU.Build.0 = Release|Any CPU
		{0731D122-F756-4C05-A0D0-ADB07F270A74}.Debug|Any CPU.ActiveCfg = Debug|Any CPU
		{0731D122-F756-4C05-A0D0-ADB07F270A74}.Debug|Any CPU.Build.0 = Debug|Any CPU
		{0731D122-F756-4C05-A0D0-ADB07F270A74}.Release|Any CPU.ActiveCfg = Release|Any CPU
		{0731D122-F756-4C05-A0D0-ADB07F270A74}.Release|Any CPU.Build.0 = Release|Any CPU
		{CF4DB3B7-5B72-48BD-91C1-92A91A5F3E80}.Debug|Any CPU.ActiveCfg = Debug|Any CPU
		{CF4DB3B7-5B72-48BD-91C1-92A91A5F3E80}.Debug|Any CPU.Build.0 = Debug|Any CPU
		{CF4DB3B7-5B72-48BD-91C1-92A91A5F3E80}.Release|Any CPU.ActiveCfg = Release|Any CPU
		{CF4DB3B7-5B72-48BD-91C1-92A91A5F3E80}.Release|Any CPU.Build.0 = Release|Any CPU
	EndGlobalSection
	GlobalSection(SolutionProperties) = preSolution
		HideSolutionNode = FALSE
	EndGlobalSection
	GlobalSection(ExtensibilityGlobals) = postSolution
		SolutionGuid = {DAEE5784-DEBD-478D-B6DE-94E76FA164A4}
	EndGlobalSection
EndGlobal
